
Microsoft Visual Studio Solution File, Format Version 12.00
# Visual Studio Version 17
VisualStudioVersion = 17.11.35327.3
MinimumVisualStudioVersion = 10.0.40219.1
Project("{FAE04EC0-301F-11D3-BF4B-00C04F79EFBC}") = "BlazorApp1forGit", "BlazorApp1forGit.csproj", "{7D3E468B-C60A-437C-8A3C-423EA4E71186}"
EndProject
Global
	GlobalSection(SolutionConfigurationPlatforms) = preSolution
		Debug|Any CPU = Debug|Any CPU
		Release|Any CPU = Release|Any CPU
	EndGlobalSection
	GlobalSection(ProjectConfigurationPlatforms) = postSolution
		{7D3E468B-C60A-437C-8A3C-423EA4E71186}.Debug|Any CPU.ActiveCfg = Debug|Any CPU
		{7D3E468B-C60A-437C-8A3C-423EA4E71186}.Debug|Any CPU.Build.0 = Debug|Any CPU
		{7D3E468B-C60A-437C-8A3C-423EA4E71186}.Release|Any CPU.ActiveCfg = Release|Any CPU
		{7D3E468B-C60A-437C-8A3C-423EA4E71186}.Release|Any CPU.Build.0 = Release|Any CPU
	EndGlobalSection
	GlobalSection(SolutionProperties) = preSolution
		HideSolutionNode = FALSE
	EndGlobalSection
	GlobalSection(ExtensibilityGlobals) = postSolution
		SolutionGuid = {79B162C6-D3D6-45EA-8BDB-9CF10BA2F5F5}
	EndGlobalSection
EndGlobal
