
Microsoft Visual Studio Solution File, Format Version 12.00
# Visual Studio Version 17
VisualStudioVersion = 17.11.35327.3
MinimumVisualStudioVersion = 10.0.40219.1
Project("{FAE04EC0-301F-11D3-BF4B-00C04F79EFBC}") = "MyGitBlazorApp", "MyGitBlazorApp.csproj", "{B0A9FBC6-6A7A-490B-8AE6-44C81138C213}"
EndProject
Global
	GlobalSection(SolutionConfigurationPlatforms) = preSolution
		Debug|Any CPU = Debug|Any CPU
		Release|Any CPU = Release|Any CPU
	EndGlobalSection
	GlobalSection(ProjectConfigurationPlatforms) = postSolution
		{B0A9FBC6-6A7A-490B-8AE6-44C81138C213}.Debug|Any CPU.ActiveCfg = Debug|Any CPU
		{B0A9FBC6-6A7A-490B-8AE6-44C81138C213}.Debug|Any CPU.Build.0 = Debug|Any CPU
		{B0A9FBC6-6A7A-490B-8AE6-44C81138C213}.Release|Any CPU.ActiveCfg = Release|Any CPU
		{B0A9FBC6-6A7A-490B-8AE6-44C81138C213}.Release|Any CPU.Build.0 = Release|Any CPU
	EndGlobalSection
	GlobalSection(SolutionProperties) = preSolution
		HideSolutionNode = FALSE
	EndGlobalSection
	GlobalSection(ExtensibilityGlobals) = postSolution
		SolutionGuid = {08814B07-A4C0-4020-AFAC-3BB6672527B7}
	EndGlobalSection
EndGlobal
